
Microsoft Visual Studio Solution File, Format Version 12.00
# Visual Studio Version 16
VisualStudioVersion = 25.0.1704.2
MinimumVisualStudioVersion = 10.0.40219.1
Project("{FAE04EC0-301F-11D3-BF4B-00C04F79EFBC}") = "FirstApp", "FirstApp\FirstApp.csproj", "{7485E851-BD3C-44B1-A4B5-F9E19531EBB1}"
EndProject
Global
	GlobalSection(SolutionConfigurationPlatforms) = preSolution
		Debug|Any CPU = Debug|Any CPU
		Release|Any CPU = Release|Any CPU
	EndGlobalSection
	GlobalSection(ProjectConfigurationPlatforms) = postSolution
		{7485E851-BD3C-44B1-A4B5-F9E19531EBB1}.Debug|Any CPU.ActiveCfg = Debug|Any CPU
		{7485E851-BD3C-44B1-A4B5-F9E19531EBB1}.Debug|Any CPU.Build.0 = Debug|Any CPU
		{7485E851-BD3C-44B1-A4B5-F9E19531EBB1}.Release|Any CPU.ActiveCfg = Release|Any CPU
		{7485E851-BD3C-44B1-A4B5-F9E19531EBB1}.Release|Any CPU.Build.0 = Release|Any CPU
	EndGlobalSection
	GlobalSection(SolutionProperties) = preSolution
		HideSolutionNode = FALSE
	EndGlobalSection
	GlobalSection(ExtensibilityGlobals) = postSolution
		SolutionGuid = {88B9CDA9-91C2-4DBC-8D2F-FA4E35D181C8}
	EndGlobalSection
EndGlobal
