
Microsoft Visual Studio Solution File, Format Version 12.00
# Visual Studio Version 17
VisualStudioVersion = 17.4.33213.308
MinimumVisualStudioVersion = 10.0.40219.1
Project("{FAE04EC0-301F-11D3-BF4B-00C04F79EFBC}") = "app_build_1", "app_build_1.csproj", "{1C737865-4945-4F19-8E89-F03E7EB328A6}"
EndProject
Global
	GlobalSection(SolutionConfigurationPlatforms) = preSolution
		Debug|Any CPU = Debug|Any CPU
		Release|Any CPU = Release|Any CPU
	EndGlobalSection
	GlobalSection(ProjectConfigurationPlatforms) = postSolution
		{1C737865-4945-4F19-8E89-F03E7EB328A6}.Debug|Any CPU.ActiveCfg = Debug|Any CPU
		{1C737865-4945-4F19-8E89-F03E7EB328A6}.Debug|Any CPU.Build.0 = Debug|Any CPU
		{1C737865-4945-4F19-8E89-F03E7EB328A6}.Release|Any CPU.ActiveCfg = Release|Any CPU
		{1C737865-4945-4F19-8E89-F03E7EB328A6}.Release|Any CPU.Build.0 = Release|Any CPU
	EndGlobalSection
	GlobalSection(SolutionProperties) = preSolution
		HideSolutionNode = FALSE
	EndGlobalSection
	GlobalSection(ExtensibilityGlobals) = postSolution
		SolutionGuid = {6B5ED5D4-B844-4E7E-99E4-5FF86835A22A}
	EndGlobalSection
EndGlobal
