
Microsoft Visual Studio Solution File, Format Version 12.00
# Visual Studio Version 17
VisualStudioVersion = 17.4.33403.182
MinimumVisualStudioVersion = 10.0.40219.1
Project("{FAE04EC0-301F-11D3-BF4B-00C04F79EFBC}") = "LinkdExamples", "WebApplication2\LinkdExamples.csproj", "{51EB21DF-FE18-4D20-9075-BCCE9DAA991D}"
EndProject
Global
	GlobalSection(SolutionConfigurationPlatforms) = preSolution
		Debug|Any CPU = Debug|Any CPU
		Release|Any CPU = Release|Any CPU
	EndGlobalSection
	GlobalSection(ProjectConfigurationPlatforms) = postSolution
		{51EB21DF-FE18-4D20-9075-BCCE9DAA991D}.Debug|Any CPU.ActiveCfg = Debug|Any CPU
		{51EB21DF-FE18-4D20-9075-BCCE9DAA991D}.Debug|Any CPU.Build.0 = Debug|Any CPU
		{51EB21DF-FE18-4D20-9075-BCCE9DAA991D}.Release|Any CPU.ActiveCfg = Release|Any CPU
		{51EB21DF-FE18-4D20-9075-BCCE9DAA991D}.Release|Any CPU.Build.0 = Release|Any CPU
	EndGlobalSection
	GlobalSection(SolutionProperties) = preSolution
		HideSolutionNode = FALSE
	EndGlobalSection
	GlobalSection(ExtensibilityGlobals) = postSolution
		SolutionGuid = {5FD24B55-2BB4-41A4-BD05-2F4C41DD5CB5}
	EndGlobalSection
EndGlobal
