
Microsoft Visual Studio Solution File, Format Version 12.00
# Visual Studio Version 17
VisualStudioVersion = 17.3.32901.215
MinimumVisualStudioVersion = 10.0.40219.1
Project("{FAE04EC0-301F-11D3-BF4B-00C04F79EFBC}") = "LinqExample", "LinkExample\LinqExample.csproj", "{A3B30C3E-D1C0-4EB3-A96D-8055BE679AA9}"
EndProject
Global
	GlobalSection(SolutionConfigurationPlatforms) = preSolution
		Debug|Any CPU = Debug|Any CPU
		Release|Any CPU = Release|Any CPU
	EndGlobalSection
	GlobalSection(ProjectConfigurationPlatforms) = postSolution
		{A3B30C3E-D1C0-4EB3-A96D-8055BE679AA9}.Debug|Any CPU.ActiveCfg = Debug|Any CPU
		{A3B30C3E-D1C0-4EB3-A96D-8055BE679AA9}.Debug|Any CPU.Build.0 = Debug|Any CPU
		{A3B30C3E-D1C0-4EB3-A96D-8055BE679AA9}.Release|Any CPU.ActiveCfg = Release|Any CPU
		{A3B30C3E-D1C0-4EB3-A96D-8055BE679AA9}.Release|Any CPU.Build.0 = Release|Any CPU
	EndGlobalSection
	GlobalSection(SolutionProperties) = preSolution
		HideSolutionNode = FALSE
	EndGlobalSection
	GlobalSection(ExtensibilityGlobals) = postSolution
		SolutionGuid = {4D352428-E806-4166-BFF6-89E9F04DD5FE}
	EndGlobalSection
EndGlobal
