
Microsoft Visual Studio Solution File, Format Version 12.00
# Visual Studio Version 16
VisualStudioVersion = 25.0.1704.3
MinimumVisualStudioVersion = 10.0.40219.1
Project("{FAE04EC0-301F-11D3-BF4B-00C04F79EFBC}") = "Variables", "Variables\Variables.csproj", "{CA6A76FB-5C37-48BA-BBF6-CAD541D3F53B}"
EndProject
Global
	GlobalSection(SolutionConfigurationPlatforms) = preSolution
		Debug|Any CPU = Debug|Any CPU
		Release|Any CPU = Release|Any CPU
	EndGlobalSection
	GlobalSection(ProjectConfigurationPlatforms) = postSolution
		{CA6A76FB-5C37-48BA-BBF6-CAD541D3F53B}.Debug|Any CPU.ActiveCfg = Debug|Any CPU
		{CA6A76FB-5C37-48BA-BBF6-CAD541D3F53B}.Debug|Any CPU.Build.0 = Debug|Any CPU
		{CA6A76FB-5C37-48BA-BBF6-CAD541D3F53B}.Release|Any CPU.ActiveCfg = Release|Any CPU
		{CA6A76FB-5C37-48BA-BBF6-CAD541D3F53B}.Release|Any CPU.Build.0 = Release|Any CPU
	EndGlobalSection
	GlobalSection(SolutionProperties) = preSolution
		HideSolutionNode = FALSE
	EndGlobalSection
	GlobalSection(ExtensibilityGlobals) = postSolution
		SolutionGuid = {83FDA36E-C151-40CA-8559-20E95B512B3F}
	EndGlobalSection
EndGlobal
