
Microsoft Visual Studio Solution File, Format Version 12.00
# Visual Studio Version 16
VisualStudioVersion = 16.0.29911.98
MinimumVisualStudioVersion = 10.0.40219.1
Project("{FAE04EC0-301F-11D3-BF4B-00C04F79EFBC}") = "Csharp Training", "Csharp Training\Csharp Training.csproj", "{71F9B616-58D9-4C96-89BC-4B2C56757B22}"
EndProject
Global
	GlobalSection(SolutionConfigurationPlatforms) = preSolution
		Debug|Any CPU = Debug|Any CPU
		Release|Any CPU = Release|Any CPU
	EndGlobalSection
	GlobalSection(ProjectConfigurationPlatforms) = postSolution
		{71F9B616-58D9-4C96-89BC-4B2C56757B22}.Debug|Any CPU.ActiveCfg = Debug|Any CPU
		{71F9B616-58D9-4C96-89BC-4B2C56757B22}.Debug|Any CPU.Build.0 = Debug|Any CPU
		{71F9B616-58D9-4C96-89BC-4B2C56757B22}.Release|Any CPU.ActiveCfg = Release|Any CPU
		{71F9B616-58D9-4C96-89BC-4B2C56757B22}.Release|Any CPU.Build.0 = Release|Any CPU
	EndGlobalSection
	GlobalSection(SolutionProperties) = preSolution
		HideSolutionNode = FALSE
	EndGlobalSection
	GlobalSection(ExtensibilityGlobals) = postSolution
		SolutionGuid = {CF4D63D6-B369-48B2-B84D-43C66F79FB09}
	EndGlobalSection
EndGlobal
